
Microsoft Visual Studio Solution File, Format Version 12.00
# Visual Studio 14
VisualStudioVersion = 14.0.23107.0
MinimumVisualStudioVersion = 10.0.40219.1
Project("{FAE04EC0-301F-11D3-BF4B-00C04F79EFBC}") = "Web", "src\Web\Web.csproj", "{B7EDFB47-C64D-4B0E-A06D-AD46379DFFE9}"
EndProject
Project("{FAE04EC0-301F-11D3-BF4B-00C04F79EFBC}") = "Core", "src\Core\Core.csproj", "{43E44D9F-8BC2-433A-A3E2-A739703240BA}"
EndProject
Global
	GlobalSection(SolutionConfigurationPlatforms) = preSolution
		Debug|Any CPU = Debug|Any CPU
		Release|Any CPU = Release|Any CPU
	EndGlobalSection
	GlobalSection(ProjectConfigurationPlatforms) = postSolution
		{B7EDFB47-C64D-4B0E-A06D-AD46379DFFE9}.Debug|Any CPU.ActiveCfg = Debug|Any CPU
		{B7EDFB47-C64D-4B0E-A06D-AD46379DFFE9}.Debug|Any CPU.Build.0 = Debug|Any CPU
		{B7EDFB47-C64D-4B0E-A06D-AD46379DFFE9}.Release|Any CPU.ActiveCfg = Release|Any CPU
		{B7EDFB47-C64D-4B0E-A06D-AD46379DFFE9}.Release|Any CPU.Build.0 = Release|Any CPU
		{43E44D9F-8BC2-433A-A3E2-A739703240BA}.Debug|Any CPU.ActiveCfg = Debug|Any CPU
		{43E44D9F-8BC2-433A-A3E2-A739703240BA}.Debug|Any CPU.Build.0 = Debug|Any CPU
		{43E44D9F-8BC2-433A-A3E2-A739703240BA}.Release|Any CPU.ActiveCfg = Release|Any CPU
		{43E44D9F-8BC2-433A-A3E2-A739703240BA}.Release|Any CPU.Build.0 = Release|Any CPU
	EndGlobalSection
	GlobalSection(SolutionProperties) = preSolution
		HideSolutionNode = FALSE
	EndGlobalSection
EndGlobal
